
Microsoft Visual Studio Solution File, Format Version 12.00
# Visual Studio Version 17
VisualStudioVersion = 17.4.33213.308
MinimumVisualStudioVersion = 10.0.40219.1
Project("{2150E333-8FDC-42A3-9474-1A3956D46DE8}") = "Core", "Core", "{3ECAA989-C71C-4B3A-AAE9-E7419CF95CB0}"
EndProject
Project("{2150E333-8FDC-42A3-9474-1A3956D46DE8}") = "External", "External", "{0F870559-4DBD-4BFD-9452-37F4F3ABA561}"
EndProject
Project("{9A19103F-16F7-4668-BE54-9A1E7A4F7556}") = "GraphReview.Domain", "Core\GraphReview.Domain\GraphReview.Domain.csproj", "{BDC1F221-9D76-488D-8716-B2EB900DEF4A}"
EndProject
Project("{9A19103F-16F7-4668-BE54-9A1E7A4F7556}") = "GraphReview.Application", "Core\GraphReview.Application\GraphReview.Application.csproj", "{733532CA-D13A-454B-BBD7-1CE143CF79E9}"
EndProject
Project("{9A19103F-16F7-4668-BE54-9A1E7A4F7556}") = "GraphReview.Infrastructure", "External\GraphReview.Infrastructure\GraphReview.Infrastructure.csproj", "{5CF13CD4-2618-4549-9C26-5E07C9A17C63}"
EndProject
Project("{9A19103F-16F7-4668-BE54-9A1E7A4F7556}") = "GraphReview.Api", "External\GraphReview.Api\GraphReview.Api.csproj", "{D9A945D5-1056-40B4-A84E-980D837C51C9}"
EndProject
Project("{2150E333-8FDC-42A3-9474-1A3956D46DE8}") = "Tests", "Tests", "{80839A40-C169-4D7E-B787-A3266D1C8F27}"
EndProject
Project("{9A19103F-16F7-4668-BE54-9A1E7A4F7556}") = "GraphReview.Tests", "Tests\GraphReview.Tests\GraphReview.Tests.csproj", "{1B6AE973-EC4E-416F-9156-D65002E5659F}"
EndProject
Project("{9A19103F-16F7-4668-BE54-9A1E7A4F7556}") = "GraphReview.Application.Tests", "Tests\GraphReview.Application.Tests\GraphReview.Application.Tests.csproj", "{B13FFCA8-5F07-40CC-94A2-102055E451E8}"
EndProject
Project("{9A19103F-16F7-4668-BE54-9A1E7A4F7556}") = "GraphReview.Domain.Tests", "Tests\GraphReview.Domain.Tests\GraphReview.Domain.Tests.csproj", "{8FDE23FE-5117-4E51-9E66-07C13900B98C}"
EndProject
Project("{9A19103F-16F7-4668-BE54-9A1E7A4F7556}") = "GraphReview.Infrastructure.Tests", "Tests\GraphReview.Infrastructure.Tests\GraphReview.Infrastructure.Tests.csproj", "{8ED70EE5-F8B0-46A5-B1C7-C7D52AF86F8B}"
EndProject
Project("{9A19103F-16F7-4668-BE54-9A1E7A4F7556}") = "GraphReview.Contracts", "External\GraphReview.Contracts\GraphReview.Contracts.csproj", "{0864EC1F-CB0A-46B7-8D9B-685D4338CAB7}"
EndProject
Project("{FAE04EC0-301F-11D3-BF4B-00C04F79EFBC}") = "GraphReview.Api.Tests", "Tests\GraphReview.Api.Tests\GraphReview.Api.Tests.csproj", "{7770815F-A910-4F2B-AFE1-1036129D3FCA}"
EndProject
Global
	GlobalSection(SolutionConfigurationPlatforms) = preSolution
		Debug|Any CPU = Debug|Any CPU
		Release|Any CPU = Release|Any CPU
	EndGlobalSection
	GlobalSection(ProjectConfigurationPlatforms) = postSolution
		{BDC1F221-9D76-488D-8716-B2EB900DEF4A}.Debug|Any CPU.ActiveCfg = Debug|Any CPU
		{BDC1F221-9D76-488D-8716-B2EB900DEF4A}.Debug|Any CPU.Build.0 = Debug|Any CPU
		{BDC1F221-9D76-488D-8716-B2EB900DEF4A}.Release|Any CPU.ActiveCfg = Release|Any CPU
		{BDC1F221-9D76-488D-8716-B2EB900DEF4A}.Release|Any CPU.Build.0 = Release|Any CPU
		{733532CA-D13A-454B-BBD7-1CE143CF79E9}.Debug|Any CPU.ActiveCfg = Debug|Any CPU
		{733532CA-D13A-454B-BBD7-1CE143CF79E9}.Debug|Any CPU.Build.0 = Debug|Any CPU
		{733532CA-D13A-454B-BBD7-1CE143CF79E9}.Release|Any CPU.ActiveCfg = Release|Any CPU
		{733532CA-D13A-454B-BBD7-1CE143CF79E9}.Release|Any CPU.Build.0 = Release|Any CPU
		{5CF13CD4-2618-4549-9C26-5E07C9A17C63}.Debug|Any CPU.ActiveCfg = Debug|Any CPU
		{5CF13CD4-2618-4549-9C26-5E07C9A17C63}.Debug|Any CPU.Build.0 = Debug|Any CPU
		{5CF13CD4-2618-4549-9C26-5E07C9A17C63}.Release|Any CPU.ActiveCfg = Release|Any CPU
		{5CF13CD4-2618-4549-9C26-5E07C9A17C63}.Release|Any CPU.Build.0 = Release|Any CPU
		{D9A945D5-1056-40B4-A84E-980D837C51C9}.Debug|Any CPU.ActiveCfg = Debug|Any CPU
		{D9A945D5-1056-40B4-A84E-980D837C51C9}.Debug|Any CPU.Build.0 = Debug|Any CPU
		{D9A945D5-1056-40B4-A84E-980D837C51C9}.Release|Any CPU.ActiveCfg = Release|Any CPU
		{D9A945D5-1056-40B4-A84E-980D837C51C9}.Release|Any CPU.Build.0 = Release|Any CPU
		{1B6AE973-EC4E-416F-9156-D65002E5659F}.Debug|Any CPU.ActiveCfg = Debug|Any CPU
		{1B6AE973-EC4E-416F-9156-D65002E5659F}.Debug|Any CPU.Build.0 = Debug|Any CPU
		{1B6AE973-EC4E-416F-9156-D65002E5659F}.Release|Any CPU.ActiveCfg = Release|Any CPU
		{1B6AE973-EC4E-416F-9156-D65002E5659F}.Release|Any CPU.Build.0 = Release|Any CPU
		{B13FFCA8-5F07-40CC-94A2-102055E451E8}.Debug|Any CPU.ActiveCfg = Debug|Any CPU
		{B13FFCA8-5F07-40CC-94A2-102055E451E8}.Debug|Any CPU.Build.0 = Debug|Any CPU
		{B13FFCA8-5F07-40CC-94A2-102055E451E8}.Release|Any CPU.ActiveCfg = Release|Any CPU
		{B13FFCA8-5F07-40CC-94A2-102055E451E8}.Release|Any CPU.Build.0 = Release|Any CPU
		{8FDE23FE-5117-4E51-9E66-07C13900B98C}.Debug|Any CPU.ActiveCfg = Debug|Any CPU
		{8FDE23FE-5117-4E51-9E66-07C13900B98C}.Debug|Any CPU.Build.0 = Debug|Any CPU
		{8FDE23FE-5117-4E51-9E66-07C13900B98C}.Release|Any CPU.ActiveCfg = Release|Any CPU
		{8FDE23FE-5117-4E51-9E66-07C13900B98C}.Release|Any CPU.Build.0 = Release|Any CPU
		{8ED70EE5-F8B0-46A5-B1C7-C7D52AF86F8B}.Debug|Any CPU.ActiveCfg = Debug|Any CPU
		{8ED70EE5-F8B0-46A5-B1C7-C7D52AF86F8B}.Debug|Any CPU.Build.0 = Debug|Any CPU
		{8ED70EE5-F8B0-46A5-B1C7-C7D52AF86F8B}.Release|Any CPU.ActiveCfg = Release|Any CPU
		{8ED70EE5-F8B0-46A5-B1C7-C7D52AF86F8B}.Release|Any CPU.Build.0 = Release|Any CPU
		{0864EC1F-CB0A-46B7-8D9B-685D4338CAB7}.Debug|Any CPU.ActiveCfg = Debug|Any CPU
		{0864EC1F-CB0A-46B7-8D9B-685D4338CAB7}.Debug|Any CPU.Build.0 = Debug|Any CPU
		{0864EC1F-CB0A-46B7-8D9B-685D4338CAB7}.Release|Any CPU.ActiveCfg = Release|Any CPU
		{0864EC1F-CB0A-46B7-8D9B-685D4338CAB7}.Release|Any CPU.Build.0 = Release|Any CPU
		{7770815F-A910-4F2B-AFE1-1036129D3FCA}.Debug|Any CPU.ActiveCfg = Debug|Any CPU
		{7770815F-A910-4F2B-AFE1-1036129D3FCA}.Debug|Any CPU.Build.0 = Debug|Any CPU
		{7770815F-A910-4F2B-AFE1-1036129D3FCA}.Release|Any CPU.ActiveCfg = Release|Any CPU
		{7770815F-A910-4F2B-AFE1-1036129D3FCA}.Release|Any CPU.Build.0 = Release|Any CPU
	EndGlobalSection
	GlobalSection(SolutionProperties) = preSolution
		HideSolutionNode = FALSE
	EndGlobalSection
	GlobalSection(NestedProjects) = preSolution
		{BDC1F221-9D76-488D-8716-B2EB900DEF4A} = {3ECAA989-C71C-4B3A-AAE9-E7419CF95CB0}
		{733532CA-D13A-454B-BBD7-1CE143CF79E9} = {3ECAA989-C71C-4B3A-AAE9-E7419CF95CB0}
		{5CF13CD4-2618-4549-9C26-5E07C9A17C63} = {0F870559-4DBD-4BFD-9452-37F4F3ABA561}
		{D9A945D5-1056-40B4-A84E-980D837C51C9} = {0F870559-4DBD-4BFD-9452-37F4F3ABA561}
		{1B6AE973-EC4E-416F-9156-D65002E5659F} = {80839A40-C169-4D7E-B787-A3266D1C8F27}
		{B13FFCA8-5F07-40CC-94A2-102055E451E8} = {80839A40-C169-4D7E-B787-A3266D1C8F27}
		{8FDE23FE-5117-4E51-9E66-07C13900B98C} = {80839A40-C169-4D7E-B787-A3266D1C8F27}
		{8ED70EE5-F8B0-46A5-B1C7-C7D52AF86F8B} = {80839A40-C169-4D7E-B787-A3266D1C8F27}
		{0864EC1F-CB0A-46B7-8D9B-685D4338CAB7} = {0F870559-4DBD-4BFD-9452-37F4F3ABA561}
		{7770815F-A910-4F2B-AFE1-1036129D3FCA} = {80839A40-C169-4D7E-B787-A3266D1C8F27}
	EndGlobalSection
	GlobalSection(ExtensibilityGlobals) = postSolution
		SolutionGuid = {ACCBDBBC-F0B5-4481-9A2A-F50968D5536A}
	EndGlobalSection
EndGlobal
